
Microsoft Visual Studio Solution File, Format Version 12.00
# Visual Studio Version 17
VisualStudioVersion = 17.14.36212.18
MinimumVisualStudioVersion = 10.0.40219.1
Project("{8BC9CEB8-8B4A-11D0-8D11-00A0C91BC942}") = "Temp KMDF Driver2", "Temp KMDF Driver2.vcxproj", "{29AEE163-037D-AEE4-C82F-E9CBC10EB9A5}"
EndProject
Project("{2150E333-8FDC-42A3-9474-1A3956D46DE8}") = "GuiImpl", "GuiImpl", "{02EA681E-C7D8-13C7-8484-4AC65E1B71E8}"
EndProject
Global
	GlobalSection(SolutionConfigurationPlatforms) = preSolution
		Debug|ARM64 = Debug|ARM64
		Debug|x64 = Debug|x64
		Release|ARM64 = Release|ARM64
		Release|x64 = Release|x64
	EndGlobalSection
	GlobalSection(ProjectConfigurationPlatforms) = postSolution
		{29AEE163-037D-AEE4-C82F-E9CBC10EB9A5}.Debug|ARM64.ActiveCfg = Debug|ARM64
		{29AEE163-037D-AEE4-C82F-E9CBC10EB9A5}.Debug|ARM64.Build.0 = Debug|ARM64
		{29AEE163-037D-AEE4-C82F-E9CBC10EB9A5}.Debug|ARM64.Deploy.0 = Debug|ARM64
		{29AEE163-037D-AEE4-C82F-E9CBC10EB9A5}.Debug|x64.ActiveCfg = Debug|x64
		{29AEE163-037D-AEE4-C82F-E9CBC10EB9A5}.Debug|x64.Build.0 = Debug|x64
		{29AEE163-037D-AEE4-C82F-E9CBC10EB9A5}.Debug|x64.Deploy.0 = Debug|x64
		{29AEE163-037D-AEE4-C82F-E9CBC10EB9A5}.Release|ARM64.ActiveCfg = Release|ARM64
		{29AEE163-037D-AEE4-C82F-E9CBC10EB9A5}.Release|ARM64.Build.0 = Release|ARM64
		{29AEE163-037D-AEE4-C82F-E9CBC10EB9A5}.Release|ARM64.Deploy.0 = Release|ARM64
		{29AEE163-037D-AEE4-C82F-E9CBC10EB9A5}.Release|x64.ActiveCfg = Release|x64
		{29AEE163-037D-AEE4-C82F-E9CBC10EB9A5}.Release|x64.Build.0 = Release|x64
		{29AEE163-037D-AEE4-C82F-E9CBC10EB9A5}.Release|x64.Deploy.0 = Release|x64
	EndGlobalSection
	GlobalSection(SolutionProperties) = preSolution
		HideSolutionNode = FALSE
	EndGlobalSection
	GlobalSection(ExtensibilityGlobals) = postSolution
		SolutionGuid = {43959E74-E781-4936-940F-0B2E2414BA01}
	EndGlobalSection
EndGlobal
